
Microsoft Visual Studio Solution File, Format Version 12.00
# Visual Studio Version 16
VisualStudioVersion = 16.0.29230.47
MinimumVisualStudioVersion = 10.0.40219.1
Project("{FAE04EC0-301F-11D3-BF4B-00C04F79EFBC}") = "MvvX.ViewModelCommands", "MvvX.ViewModelCommands\MvvX.ViewModelCommands.csproj", "{2C13C7D5-AFF2-4DCF-B646-9A24E936ACA7}"
EndProject
Project("{2150E333-8FDC-42A3-9474-1A3956D46DE8}") = "Library", "Library", "{F4FF13FB-365A-4C57-94AE-F5EB8F4C8A0F}"
EndProject
Global
	GlobalSection(SolutionConfigurationPlatforms) = preSolution
		Debug|Any CPU = Debug|Any CPU
		Release|Any CPU = Release|Any CPU
	EndGlobalSection
	GlobalSection(ProjectConfigurationPlatforms) = postSolution
		{2C13C7D5-AFF2-4DCF-B646-9A24E936ACA7}.Debug|Any CPU.ActiveCfg = Debug|Any CPU
		{2C13C7D5-AFF2-4DCF-B646-9A24E936ACA7}.Debug|Any CPU.Build.0 = Debug|Any CPU
		{2C13C7D5-AFF2-4DCF-B646-9A24E936ACA7}.Release|Any CPU.ActiveCfg = Release|Any CPU
		{2C13C7D5-AFF2-4DCF-B646-9A24E936ACA7}.Release|Any CPU.Build.0 = Release|Any CPU
	EndGlobalSection
	GlobalSection(SolutionProperties) = preSolution
		HideSolutionNode = FALSE
	EndGlobalSection
	GlobalSection(NestedProjects) = preSolution
		{2C13C7D5-AFF2-4DCF-B646-9A24E936ACA7} = {F4FF13FB-365A-4C57-94AE-F5EB8F4C8A0F}
	EndGlobalSection
	GlobalSection(ExtensibilityGlobals) = postSolution
		SolutionGuid = {9B5468B4-25B3-4C7A-9992-23E24BED0793}
	EndGlobalSection
EndGlobal
